
Microsoft Visual Studio Solution File, Format Version 12.00
# Visual Studio 15
Project("{FAE04EC0-301F-11D3-BF4B-00C04F79EFBC}") = "proje1", "proje1.csproj", "{1C5B4BA3-E419-4145-AE73-FB3C13FC3428}"
EndProject
Global
	GlobalSection(SolutionConfigurationPlatforms) = preSolution
		Debug|x86 = Debug|x86
		Release|x86 = Release|x86
	EndGlobalSection
	GlobalSection(ProjectConfigurationPlatforms) = postSolution
		{1C5B4BA3-E419-4145-AE73-FB3C13FC3428}.Debug|x86.ActiveCfg = Debug|x86
		{1C5B4BA3-E419-4145-AE73-FB3C13FC3428}.Debug|x86.Build.0 = Debug|x86
		{1C5B4BA3-E419-4145-AE73-FB3C13FC3428}.Release|x86.ActiveCfg = Release|x86
		{1C5B4BA3-E419-4145-AE73-FB3C13FC3428}.Release|x86.Build.0 = Release|x86
	EndGlobalSection
EndGlobal
